
Microsoft Visual Studio Solution File, Format Version 12.00
# Visual Studio Version 16
VisualStudioVersion = 16.0.30717.126
MinimumVisualStudioVersion = 10.0.40219.1
Project("{FAE04EC0-301F-11D3-BF4B-00C04F79EFBC}") = "ConsoleApp2", "ConsoleApp2\ConsoleApp2.csproj", "{A5337D2D-07B0-48CA-8CB9-30C59A4AE3BC}"
EndProject
Global
	GlobalSection(SolutionConfigurationPlatforms) = preSolution
		Debug|Any CPU = Debug|Any CPU
		Release|Any CPU = Release|Any CPU
	EndGlobalSection
	GlobalSection(ProjectConfigurationPlatforms) = postSolution
		{A5337D2D-07B0-48CA-8CB9-30C59A4AE3BC}.Debug|Any CPU.ActiveCfg = Debug|Any CPU
		{A5337D2D-07B0-48CA-8CB9-30C59A4AE3BC}.Debug|Any CPU.Build.0 = Debug|Any CPU
		{A5337D2D-07B0-48CA-8CB9-30C59A4AE3BC}.Release|Any CPU.ActiveCfg = Release|Any CPU
		{A5337D2D-07B0-48CA-8CB9-30C59A4AE3BC}.Release|Any CPU.Build.0 = Release|Any CPU
	EndGlobalSection
	GlobalSection(SolutionProperties) = preSolution
		HideSolutionNode = FALSE
	EndGlobalSection
	GlobalSection(ExtensibilityGlobals) = postSolution
		SolutionGuid = {552ABBB1-A388-4170-A893-F0B2C50915EA}
	EndGlobalSection
EndGlobal
